
Microsoft Visual Studio Solution File, Format Version 12.00
# Visual Studio Version 17
VisualStudioVersion = 17.2.32602.215
MinimumVisualStudioVersion = 10.0.40219.1
Project("{9A19103F-16F7-4668-BE54-9A1E7A4F7556}") = "WebTravel5", "WebTravel5\WebTravel5.csproj", "{17D7EFE0-726D-4351-8679-66E5247F40B0}"
EndProject
Project("{FAE04EC0-301F-11D3-BF4B-00C04F79EFBC}") = "EntityLayer", "EntityLayer\EntityLayer.csproj", "{15C477B7-925B-4DBD-86EF-9CA15F9A8278}"
EndProject
Project("{FAE04EC0-301F-11D3-BF4B-00C04F79EFBC}") = "DataAccessLayer", "DataAccessLayer\DataAccessLayer.csproj", "{695F6798-533A-47D4-AFD8-70451C1EDB1A}"
EndProject
Project("{FAE04EC0-301F-11D3-BF4B-00C04F79EFBC}") = "BusinessLayer", "BusinessLayer\BusinessLayer.csproj", "{6C451814-DECF-4AB8-A4D8-BF992DF31D24}"
EndProject
Global
	GlobalSection(SolutionConfigurationPlatforms) = preSolution
		Debug|Any CPU = Debug|Any CPU
		Release|Any CPU = Release|Any CPU
	EndGlobalSection
	GlobalSection(ProjectConfigurationPlatforms) = postSolution
		{17D7EFE0-726D-4351-8679-66E5247F40B0}.Debug|Any CPU.ActiveCfg = Debug|Any CPU
		{17D7EFE0-726D-4351-8679-66E5247F40B0}.Debug|Any CPU.Build.0 = Debug|Any CPU
		{17D7EFE0-726D-4351-8679-66E5247F40B0}.Release|Any CPU.ActiveCfg = Release|Any CPU
		{17D7EFE0-726D-4351-8679-66E5247F40B0}.Release|Any CPU.Build.0 = Release|Any CPU
		{15C477B7-925B-4DBD-86EF-9CA15F9A8278}.Debug|Any CPU.ActiveCfg = Debug|Any CPU
		{15C477B7-925B-4DBD-86EF-9CA15F9A8278}.Debug|Any CPU.Build.0 = Debug|Any CPU
		{15C477B7-925B-4DBD-86EF-9CA15F9A8278}.Release|Any CPU.ActiveCfg = Release|Any CPU
		{15C477B7-925B-4DBD-86EF-9CA15F9A8278}.Release|Any CPU.Build.0 = Release|Any CPU
		{695F6798-533A-47D4-AFD8-70451C1EDB1A}.Debug|Any CPU.ActiveCfg = Debug|Any CPU
		{695F6798-533A-47D4-AFD8-70451C1EDB1A}.Debug|Any CPU.Build.0 = Debug|Any CPU
		{695F6798-533A-47D4-AFD8-70451C1EDB1A}.Release|Any CPU.ActiveCfg = Release|Any CPU
		{695F6798-533A-47D4-AFD8-70451C1EDB1A}.Release|Any CPU.Build.0 = Release|Any CPU
		{6C451814-DECF-4AB8-A4D8-BF992DF31D24}.Debug|Any CPU.ActiveCfg = Debug|Any CPU
		{6C451814-DECF-4AB8-A4D8-BF992DF31D24}.Debug|Any CPU.Build.0 = Debug|Any CPU
		{6C451814-DECF-4AB8-A4D8-BF992DF31D24}.Release|Any CPU.ActiveCfg = Release|Any CPU
		{6C451814-DECF-4AB8-A4D8-BF992DF31D24}.Release|Any CPU.Build.0 = Release|Any CPU
	EndGlobalSection
	GlobalSection(SolutionProperties) = preSolution
		HideSolutionNode = FALSE
	EndGlobalSection
	GlobalSection(ExtensibilityGlobals) = postSolution
		SolutionGuid = {D9C8DE29-CCFE-4D7E-AA2D-8CFFB7B6A895}
	EndGlobalSection
EndGlobal
